
Microsoft Visual Studio Solution File, Format Version 12.00
# Visual Studio Version 17
VisualStudioVersion = 17.10.35013.160
MinimumVisualStudioVersion = 10.0.40219.1
Project("{FAE04EC0-301F-11D3-BF4B-00C04F79EFBC}") = "WebTuchyn", "WebTuchyn\WebTuchyn.csproj", "{50272912-5970-46AE-83E8-A39D14AA99B7}"
EndProject
Global
	GlobalSection(SolutionConfigurationPlatforms) = preSolution
		Debug|Any CPU = Debug|Any CPU
		Release|Any CPU = Release|Any CPU
	EndGlobalSection
	GlobalSection(ProjectConfigurationPlatforms) = postSolution
		{50272912-5970-46AE-83E8-A39D14AA99B7}.Debug|Any CPU.ActiveCfg = Debug|Any CPU
		{50272912-5970-46AE-83E8-A39D14AA99B7}.Debug|Any CPU.Build.0 = Debug|Any CPU
		{50272912-5970-46AE-83E8-A39D14AA99B7}.Release|Any CPU.ActiveCfg = Release|Any CPU
		{50272912-5970-46AE-83E8-A39D14AA99B7}.Release|Any CPU.Build.0 = Release|Any CPU
	EndGlobalSection
	GlobalSection(SolutionProperties) = preSolution
		HideSolutionNode = FALSE
	EndGlobalSection
	GlobalSection(ExtensibilityGlobals) = postSolution
		SolutionGuid = {1BD3505C-5867-4567-8A64-41E24D3DE0AC}
	EndGlobalSection
EndGlobal
